
Microsoft Visual Studio Solution File, Format Version 12.00
# Visual Studio Version 17
VisualStudioVersion = 17.5.002.0
MinimumVisualStudioVersion = 10.0.40219.1
Project("{9A19103F-16F7-4668-BE54-9A1E7A4F7556}") = "MusicPlayerApp", "MusicPlayerApp.csproj", "{3888D46C-BE36-4808-B8F0-E3B36461FE1E}"
EndProject
Global
	GlobalSection(SolutionConfigurationPlatforms) = preSolution
		Debug|Any CPU = Debug|Any CPU
		Release|Any CPU = Release|Any CPU
	EndGlobalSection
	GlobalSection(ProjectConfigurationPlatforms) = postSolution
		{3888D46C-BE36-4808-B8F0-E3B36461FE1E}.Debug|Any CPU.ActiveCfg = Debug|Any CPU
		{3888D46C-BE36-4808-B8F0-E3B36461FE1E}.Debug|Any CPU.Build.0 = Debug|Any CPU
		{3888D46C-BE36-4808-B8F0-E3B36461FE1E}.Release|Any CPU.ActiveCfg = Release|Any CPU
		{3888D46C-BE36-4808-B8F0-E3B36461FE1E}.Release|Any CPU.Build.0 = Release|Any CPU
	EndGlobalSection
	GlobalSection(SolutionProperties) = preSolution
		HideSolutionNode = FALSE
	EndGlobalSection
	GlobalSection(ExtensibilityGlobals) = postSolution
		SolutionGuid = {8AD60F4A-AAA8-4C86-8A42-D6A610192E1C}
	EndGlobalSection
EndGlobal
